{
  "version": "3",
  "packages": {
    "specifiers": {
      "jsr:@std/cli": "jsr:@std/cli@0.224.6",
      "jsr:@std/cli@^0.224.7": "jsr:@std/cli@0.224.7",
      "npm:@types/node": "npm:@types/node@18.16.19",
      "npm:bech32": "npm:bech32@2.0.0"
    },
    "jsr": {
      "@std/cli@0.224.6": {
        "integrity": "98d7e17a70c1c24980baa2b9a511b29e0a460e7a3b8e3d4e220979d77d5f348e"
      },
      "@std/cli@0.224.7": {
        "integrity": "654ca6477518e5e3a0d3fabafb2789e92b8c0febf1a1d24ba4b567aba94b5977"
      }
    },
    "npm": {
      "@types/node@18.16.19": {
        "integrity": "sha512-IXl7o+R9iti9eBW4Wg2hx1xQDig183jj7YLn8F7udNceyfkbn1ZxmzZXuak20gR40D7pIkIY1kYGx5VIGbaHKA==",
        "dependencies": {}
      },
      "bech32@2.0.0": {
        "integrity": "sha512-LcknSilhIGatDAsY1ak2I8VtGaHNhgMSYVxFrGLXv+xLHytaKZKcaUJJUE7qmBr7h33o5YQwP55pMI0xmkpJwg==",
        "dependencies": {}
      }
    }
  },
  "redirects": {
    "https://deno.land/x/lucid/mod.ts": "https://deno.land/x/lucid@0.10.7/mod.ts",
    "https://esm.sh/@supabase/supabase-js@2": "https://esm.sh/@supabase/supabase-js@2.44.1"
  },
  "remote": {
    "https://deno.land/std@0.100.0/encoding/hex.ts": "f952e0727bddb3b2fd2e6889d104eacbd62e92091f540ebd6459317a61932d9b",
    "https://deno.land/std@0.148.0/bytes/equals.ts": "3c3558c3ae85526f84510aa2b48ab2ad7bdd899e2e0f5b7a8ffc85acb3a6043a",
    "https://deno.land/std@0.148.0/bytes/mod.ts": "763f97d33051cc3f28af1a688dfe2830841192a9fea0cbaa55f927b49d49d0bf",
    "https://deno.land/std@0.153.0/hash/sha256.ts": "aa9479c260f41b72c639f36c3e4bc9319940b5d2e52fe793ebe3dc646d12832f",
    "https://deno.land/std@0.224.0/dotenv/mod.ts": "0180eaeedaaf88647318811cdaa418cc64dc51fb08354f91f5f480d0a1309f7d",
    "https://deno.land/std@0.224.0/dotenv/parse.ts": "09977ff88dfd1f24f9973a338f0f91bbdb9307eb5ff6085446e7c423e4c7ba0c",
    "https://deno.land/std@0.224.0/dotenv/stringify.ts": "275da322c409170160440836342eaa7cf012a1d11a7e700d8ca4e7f2f8aa4615",
    "https://deno.land/x/lucid@0.10.7/mod.ts": "9473507398048cb24dbb37b3a220777106c69c28d573898648deb2bb84a7e131",
    "https://deno.land/x/lucid@0.10.7/package.json": "402ef25f1bcbf29c57b24f4737637db8470dc9197e80478455ec132a7a08a0cc",
    "https://deno.land/x/lucid@0.10.7/src/core/core.ts": "5b2f6d4746933a425bfcb134a55b84c946bc2ddd98b795aa9189f345778b113c",
    "https://deno.land/x/lucid@0.10.7/src/core/libs/cardano_message_signing/cardano_message_signing.generated.js": "b3cae6f286d855a1cf9c84987026bfa46f577e9edd6b269127e88c0f41d68bfa",
    "https://deno.land/x/lucid@0.10.7/src/core/libs/cardano_multiplatform_lib/cardano_multiplatform_lib.generated.js": "286312109897e46032173ab3a0a233212ea0741051bcba936914ac7af8f22227",
    "https://deno.land/x/lucid@0.10.7/src/core/mod.ts": "978b94101791fdad3113e5a9fa3813b1f48a8e505f68da14bcad72668b294926",
    "https://deno.land/x/lucid@0.10.7/src/lucid/lucid.ts": "80f06b1965074a6c3504d509df676f2508d49cc0a8050dee1b1f8ea804fb565a",
    "https://deno.land/x/lucid@0.10.7/src/lucid/message.ts": "b16bb7c06cbc81c777ac116d95db32959af42bc093ebe86b65f2dbc28b75f9b2",
    "https://deno.land/x/lucid@0.10.7/src/lucid/mod.ts": "94bfe48ee683e932a67347786a1253a2e7277e53b1dc192d045d70bc5ce9bc10",
    "https://deno.land/x/lucid@0.10.7/src/lucid/tx.ts": "5833f0cb10bcd83439e7caff03c20296b8e646ce1d3797e9db56f3fdcfe33e19",
    "https://deno.land/x/lucid@0.10.7/src/lucid/tx_complete.ts": "a687e19df52072fe239af33081cfddf2fba40011324ff86f3352042940a65362",
    "https://deno.land/x/lucid@0.10.7/src/lucid/tx_signed.ts": "58edce3295e5fa14977120d887b43796ebd40893caaf012d441a8b56909c8ae1",
    "https://deno.land/x/lucid@0.10.7/src/misc/bip39.ts": "7dc0f49f96d43a254a048a956cac31ef8c8045f69f3b8dbc5350bc6c601441eb",
    "https://deno.land/x/lucid@0.10.7/src/misc/crc8.ts": "c9abda52851d5c575f6a8714c3600d2e63bb8cfc942e035486b1ab03b780e2f9",
    "https://deno.land/x/lucid@0.10.7/src/misc/sign_data.ts": "6f5066d19455ade77615b5cbbf5dd9947ea691a7b764f96c81ba911cc84183e5",
    "https://deno.land/x/lucid@0.10.7/src/misc/wallet.ts": "7a8d63c234f0741dc49d3134554b7c455e24f4692ba42a3843aad7e37bcc7d2b",
    "https://deno.land/x/lucid@0.10.7/src/mod.ts": "f4156883dc0dc394e9fd9e9e7222537a61ff8b2781a88761d7bcb65123a16bcf",
    "https://deno.land/x/lucid@0.10.7/src/plutus/data.ts": "b6eb205124e6f340f47dd789d94d91146b2bf038c6a76b57ede12874b60d5920",
    "https://deno.land/x/lucid@0.10.7/src/plutus/mod.ts": "3a7f784e950348d447cd6bcb27546b20902fae167e04fd42e67bfad57216e1a7",
    "https://deno.land/x/lucid@0.10.7/src/plutus/time.ts": "f142f03f897a6e57625e8c0752bb73397818090871f3cff123ec64311590b6f9",
    "https://deno.land/x/lucid@0.10.7/src/provider/blockfrost.ts": "7cd49ed72464f3faf3c4bc93b54a1c30dbe0f34035b3c5e844adfdeb3ca74e32",
    "https://deno.land/x/lucid@0.10.7/src/provider/emulator.ts": "066892a5dfbe27bde86d449650913da18da8025bd618c7cfed0a6fc16e07bb29",
    "https://deno.land/x/lucid@0.10.7/src/provider/kupmios.ts": "e15178e252d5a87b6c6123e51c3dc426ec7ebe02bac920dea26213f62eabcbd0",
    "https://deno.land/x/lucid@0.10.7/src/provider/maestro.ts": "76c379f946bdc2198ccf6898ce1b09ed5a6ddb1d858f0abe2b39e5300aa7a6c1",
    "https://deno.land/x/lucid@0.10.7/src/provider/mod.ts": "76b36094551556045e851fe0ba6012626e1a08c03dec62a21b69d22311266379",
    "https://deno.land/x/lucid@0.10.7/src/types/global.ts": "3ea23ebcf9af819a01cbcf682856df2b178929ffec362113d24eb4a80a966ac3",
    "https://deno.land/x/lucid@0.10.7/src/types/mod.ts": "2e6e4ffd7077025d1b45af726756455fc9c915666dd7f23a041be058039b49c6",
    "https://deno.land/x/lucid@0.10.7/src/types/types.ts": "b637a944c04576c42c2bb5df98aa8128cd4677e04fa0ec911e042ce96e764fa2",
    "https://deno.land/x/lucid@0.10.7/src/utils/cost_model.ts": "f04e4d393062b0057f703e37ddcb1aa9fe378b589134c679688f9786235a25ee",
    "https://deno.land/x/lucid@0.10.7/src/utils/merkle_tree.ts": "af39a9167eb8b083a19a980916c95ab40332e959ef20bc43fdfef69eef08e594",
    "https://deno.land/x/lucid@0.10.7/src/utils/mod.ts": "7e405bfa0db96d9e995e67fb77251e8465843addf141caf4ce64b3efa6077822",
    "https://deno.land/x/lucid@0.10.7/src/utils/utils.ts": "177ec0578b788f947f6afb6cc911c4eae776aaf98b5249412a750b8f366b4d11",
    "https://deno.land/x/typebox@0.25.13/src/typebox.ts": "9b20b62c0bf31f1a9128b6dc6dfd470a5d956a48f0b0ef0a1ccc4d794fb55dcc",
    "https://esm.sh/@supabase/supabase-js@2.44.1": "c28cd1429a9656e27bde430dd0a2f5ce2dc1480adfb527a4080139bbfbf583f8",
    "https://esm.sh/v135/@supabase/auth-js@2.64.2/denonext/auth-js.mjs": "f87ccfa4e23123f7ab122f814fa37ce26c00457a3e32cea718a726d72fec1f37",
    "https://esm.sh/v135/@supabase/functions-js@2.4.1/denonext/functions-js.mjs": "c7cb8535aa4c37b3b537c0129f978030d0ee022b99a83a110e9d80662d2cdc0a",
    "https://esm.sh/v135/@supabase/node-fetch@2.6.15/denonext/node-fetch.mjs": "efad00ea3d4cbe1bee688836ef75339d49a1981bc5728a13e9ad5f26791d5efb",
    "https://esm.sh/v135/@supabase/postgrest-js@1.15.7/denonext/postgrest-js.mjs": "50afecb36c0c045ca44884bcb97d6576430048012b15044dfb3f2f66a94d8e5c",
    "https://esm.sh/v135/@supabase/realtime-js@2.10.1/denonext/realtime-js.mjs": "d317db880fd458292ce6787a12347d6eb4e7fff40fc0bd8f9a93bea58aca6488",
    "https://esm.sh/v135/@supabase/storage-js@2.6.0/denonext/storage-js.mjs": "1571b6f7bff0aeb20d2df2cbc3064921fe2959788c28805388b65722b824a0e6",
    "https://esm.sh/v135/@supabase/supabase-js@2.44.1/denonext/supabase-js.mjs": "6926868f5f9110a8ec7c567b958a3285ca7260b5764579e716f4ec68b7e64e45",
    "https://esm.sh/v135/bufferutil@4.0.8/denonext/bufferutil.mjs": "60a4618cbd1a5cb24935c55590b793d4ecb33862357d32e1d4614a0bbb90947f",
    "https://esm.sh/v135/node-gyp-build@4.6.1/denonext/node-gyp-build.mjs": "5d28b312f145a6cb2ec0dbdd80a7d34c0e0e6b5dcada65411d8bcff6c8991cc6",
    "https://esm.sh/v135/node-gyp-build@4.8.1/denonext/node-gyp-build.mjs": "cddfc39c5f2d6e228fb1cd8cc36a594d870470b01348f866a7fb4e6f3ed8c66d",
    "https://esm.sh/v135/utf-8-validate@6.0.4/denonext/utf-8-validate.mjs": "ab4990b545a45f10f7711c69046ee3e9c5b732b9781937f922cefd3fc99d0e88",
    "https://esm.sh/v135/ws@8.17.1/denonext/ws.mjs": "8c9b9fd82d9879be14e9145aee4104ad43dea340e458e144dc166588f7ff5144"
  },
  "workspace": {
    "dependencies": [
      "jsr:@std/cli@^0.224.7"
    ]
  }
}
